
Microsoft Visual Studio Solution File, Format Version 12.00
# Visual Studio Version 16
VisualStudioVersion = 16.0.31911.196
MinimumVisualStudioVersion = 10.0.40219.1
Project("{FAE04EC0-301F-11D3-BF4B-00C04F79EFBC}") = "Laboratorio8", "Laboratorio8\Laboratorio8.csproj", "{2A88A87A-5285-401C-94FA-65104CEAF4F1}"
EndProject
Project("{FAE04EC0-301F-11D3-BF4B-00C04F79EFBC}") = "Lab8Aula5", "Lab8Aula5\Lab8Aula5.csproj", "{9F8EED8A-36C7-446B-BE98-6669B4BC4546}"
EndProject
Global
	GlobalSection(SolutionConfigurationPlatforms) = preSolution
		Debug|Any CPU = Debug|Any CPU
		Release|Any CPU = Release|Any CPU
	EndGlobalSection
	GlobalSection(ProjectConfigurationPlatforms) = postSolution
		{2A88A87A-5285-401C-94FA-65104CEAF4F1}.Debug|Any CPU.ActiveCfg = Debug|Any CPU
		{2A88A87A-5285-401C-94FA-65104CEAF4F1}.Debug|Any CPU.Build.0 = Debug|Any CPU
		{2A88A87A-5285-401C-94FA-65104CEAF4F1}.Release|Any CPU.ActiveCfg = Release|Any CPU
		{2A88A87A-5285-401C-94FA-65104CEAF4F1}.Release|Any CPU.Build.0 = Release|Any CPU
		{9F8EED8A-36C7-446B-BE98-6669B4BC4546}.Debug|Any CPU.ActiveCfg = Debug|Any CPU
		{9F8EED8A-36C7-446B-BE98-6669B4BC4546}.Debug|Any CPU.Build.0 = Debug|Any CPU
		{9F8EED8A-36C7-446B-BE98-6669B4BC4546}.Release|Any CPU.ActiveCfg = Release|Any CPU
		{9F8EED8A-36C7-446B-BE98-6669B4BC4546}.Release|Any CPU.Build.0 = Release|Any CPU
	EndGlobalSection
	GlobalSection(SolutionProperties) = preSolution
		HideSolutionNode = FALSE
	EndGlobalSection
	GlobalSection(ExtensibilityGlobals) = postSolution
		SolutionGuid = {7CB09818-76E7-4BA8-B3C7-5135CBE510BE}
	EndGlobalSection
EndGlobal
